
Microsoft Visual Studio Solution File, Format Version 12.00
Project("{FAE04EC0-301F-11D3-BF4B-00C04F79EFBC}") = "ApiGateway", "ApiGateway\ApiGateway.csproj", "{93EF7F57-B180-4329-9147-7FB4C9C7ABC0}"
EndProject
Project("{2150E333-8FDC-42A3-9474-1A3956D46DE8}") = "Shared", "Shared", "{4E4FE050-8377-40D7-8FDE-DD9D8D38A443}"
EndProject
Project("{2150E333-8FDC-42A3-9474-1A3956D46DE8}") = "EventBus.Messages", "EventBus.Messages", "{F61D5B0F-80C5-430F-B852-3E8BEE67FD3B}"
EndProject
Project("{FAE04EC0-301F-11D3-BF4B-00C04F79EFBC}") = "EventBus.Messages", "EventBus.Messages\EventBus.Messages.csproj", "{38DFDEBE-353B-403B-B4EA-9ABF78C610AF}"
EndProject
Project("{2150E333-8FDC-42A3-9474-1A3956D46DE8}") = "Services", "Services", "{943615FE-35EE-4CD7-9F7F-8FFD4B6C986C}"
EndProject
Project("{2150E333-8FDC-42A3-9474-1A3956D46DE8}") = "Identity.API", "Identity.API", "{93DC4818-EBA6-4EC7-A969-EBE2CF563FBD}"
EndProject
Project("{2150E333-8FDC-42A3-9474-1A3956D46DE8}") = "TaskManagment.API", "TaskManagment.API", "{B5A84DCE-C0C0-42CC-BE85-8A37EE0B4B2D}"
EndProject
Project("{2150E333-8FDC-42A3-9474-1A3956D46DE8}") = "Scheduler.Worker", "Scheduler.Worker", "{C742AF02-6DBA-4BCF-87F7-EB586381BC6E}"
EndProject
Project("{2150E333-8FDC-42A3-9474-1A3956D46DE8}") = "Scraping.Worker", "Scraping.Worker", "{B866ABEA-81C4-4892-A264-FA74D7E20DF8}"
EndProject
Project("{2150E333-8FDC-42A3-9474-1A3956D46DE8}") = "Notification.Worker", "Notification.Worker", "{9CF0D2D0-162C-4C69-8483-34034AC51A0C}"
EndProject
Project("{FAE04EC0-301F-11D3-BF4B-00C04F79EFBC}") = "Notification.Worker", "Notification.Worker\Notification.Worker.csproj", "{80BF8017-284E-4C64-BAED-2B1E6FCC2597}"
EndProject
Project("{FAE04EC0-301F-11D3-BF4B-00C04F79EFBC}") = "Scheduler.Worker", "Scheduler.Worker\Scheduler.Worker.csproj", "{EFD00AA2-E9B5-4B48-A5B9-13B8BCAF24FF}"
EndProject
Project("{FAE04EC0-301F-11D3-BF4B-00C04F79EFBC}") = "Scraping.Worker", "Scraping.Worker\Scraping.Worker.csproj", "{2DB989E1-6745-47A0-B86A-A420DEAB39A5}"
EndProject
Project("{FAE04EC0-301F-11D3-BF4B-00C04F79EFBC}") = "Identity.API", "Identity.API\Identity.API.csproj", "{4F50898E-0F7B-40D5-AA2E-DC39A3FE5F72}"
EndProject
Project("{FAE04EC0-301F-11D3-BF4B-00C04F79EFBC}") = "TaskManagement.API", "TaskManagement.API\TaskManagement.API.csproj", "{932E9B0B-89C2-41F8-99C8-89514947D88D}"
EndProject
Project("{2150E333-8FDC-42A3-9474-1A3956D46DE8}") = "src", "src", "{CBA43469-9296-4C75-A0BE-16FB9C77E11A}"
EndProject
Global
	GlobalSection(SolutionConfigurationPlatforms) = preSolution
		Debug|Any CPU = Debug|Any CPU
		Release|Any CPU = Release|Any CPU
	EndGlobalSection
	GlobalSection(ProjectConfigurationPlatforms) = postSolution
		{93EF7F57-B180-4329-9147-7FB4C9C7ABC0}.Debug|Any CPU.ActiveCfg = Debug|Any CPU
		{93EF7F57-B180-4329-9147-7FB4C9C7ABC0}.Debug|Any CPU.Build.0 = Debug|Any CPU
		{93EF7F57-B180-4329-9147-7FB4C9C7ABC0}.Release|Any CPU.ActiveCfg = Release|Any CPU
		{93EF7F57-B180-4329-9147-7FB4C9C7ABC0}.Release|Any CPU.Build.0 = Release|Any CPU
		{38DFDEBE-353B-403B-B4EA-9ABF78C610AF}.Debug|Any CPU.ActiveCfg = Debug|Any CPU
		{38DFDEBE-353B-403B-B4EA-9ABF78C610AF}.Debug|Any CPU.Build.0 = Debug|Any CPU
		{38DFDEBE-353B-403B-B4EA-9ABF78C610AF}.Release|Any CPU.ActiveCfg = Release|Any CPU
		{38DFDEBE-353B-403B-B4EA-9ABF78C610AF}.Release|Any CPU.Build.0 = Release|Any CPU
		{80BF8017-284E-4C64-BAED-2B1E6FCC2597}.Debug|Any CPU.ActiveCfg = Debug|Any CPU
		{80BF8017-284E-4C64-BAED-2B1E6FCC2597}.Debug|Any CPU.Build.0 = Debug|Any CPU
		{80BF8017-284E-4C64-BAED-2B1E6FCC2597}.Release|Any CPU.ActiveCfg = Release|Any CPU
		{80BF8017-284E-4C64-BAED-2B1E6FCC2597}.Release|Any CPU.Build.0 = Release|Any CPU
		{EFD00AA2-E9B5-4B48-A5B9-13B8BCAF24FF}.Debug|Any CPU.ActiveCfg = Debug|Any CPU
		{EFD00AA2-E9B5-4B48-A5B9-13B8BCAF24FF}.Debug|Any CPU.Build.0 = Debug|Any CPU
		{EFD00AA2-E9B5-4B48-A5B9-13B8BCAF24FF}.Release|Any CPU.ActiveCfg = Release|Any CPU
		{EFD00AA2-E9B5-4B48-A5B9-13B8BCAF24FF}.Release|Any CPU.Build.0 = Release|Any CPU
		{2DB989E1-6745-47A0-B86A-A420DEAB39A5}.Debug|Any CPU.ActiveCfg = Debug|Any CPU
		{2DB989E1-6745-47A0-B86A-A420DEAB39A5}.Debug|Any CPU.Build.0 = Debug|Any CPU
		{2DB989E1-6745-47A0-B86A-A420DEAB39A5}.Release|Any CPU.ActiveCfg = Release|Any CPU
		{2DB989E1-6745-47A0-B86A-A420DEAB39A5}.Release|Any CPU.Build.0 = Release|Any CPU
		{4F50898E-0F7B-40D5-AA2E-DC39A3FE5F72}.Debug|Any CPU.ActiveCfg = Debug|Any CPU
		{4F50898E-0F7B-40D5-AA2E-DC39A3FE5F72}.Debug|Any CPU.Build.0 = Debug|Any CPU
		{4F50898E-0F7B-40D5-AA2E-DC39A3FE5F72}.Release|Any CPU.ActiveCfg = Release|Any CPU
		{4F50898E-0F7B-40D5-AA2E-DC39A3FE5F72}.Release|Any CPU.Build.0 = Release|Any CPU
		{932E9B0B-89C2-41F8-99C8-89514947D88D}.Debug|Any CPU.ActiveCfg = Debug|Any CPU
		{932E9B0B-89C2-41F8-99C8-89514947D88D}.Debug|Any CPU.Build.0 = Debug|Any CPU
		{932E9B0B-89C2-41F8-99C8-89514947D88D}.Release|Any CPU.ActiveCfg = Release|Any CPU
		{932E9B0B-89C2-41F8-99C8-89514947D88D}.Release|Any CPU.Build.0 = Release|Any CPU
	EndGlobalSection
	GlobalSection(NestedProjects) = preSolution
		{F61D5B0F-80C5-430F-B852-3E8BEE67FD3B} = {4E4FE050-8377-40D7-8FDE-DD9D8D38A443}
		{38DFDEBE-353B-403B-B4EA-9ABF78C610AF} = {F61D5B0F-80C5-430F-B852-3E8BEE67FD3B}
		{93DC4818-EBA6-4EC7-A969-EBE2CF563FBD} = {943615FE-35EE-4CD7-9F7F-8FFD4B6C986C}
		{B5A84DCE-C0C0-42CC-BE85-8A37EE0B4B2D} = {943615FE-35EE-4CD7-9F7F-8FFD4B6C986C}
		{C742AF02-6DBA-4BCF-87F7-EB586381BC6E} = {943615FE-35EE-4CD7-9F7F-8FFD4B6C986C}
		{B866ABEA-81C4-4892-A264-FA74D7E20DF8} = {943615FE-35EE-4CD7-9F7F-8FFD4B6C986C}
		{9CF0D2D0-162C-4C69-8483-34034AC51A0C} = {943615FE-35EE-4CD7-9F7F-8FFD4B6C986C}
		{80BF8017-284E-4C64-BAED-2B1E6FCC2597} = {9CF0D2D0-162C-4C69-8483-34034AC51A0C}
		{EFD00AA2-E9B5-4B48-A5B9-13B8BCAF24FF} = {C742AF02-6DBA-4BCF-87F7-EB586381BC6E}
		{2DB989E1-6745-47A0-B86A-A420DEAB39A5} = {B866ABEA-81C4-4892-A264-FA74D7E20DF8}
		{4F50898E-0F7B-40D5-AA2E-DC39A3FE5F72} = {93DC4818-EBA6-4EC7-A969-EBE2CF563FBD}
		{932E9B0B-89C2-41F8-99C8-89514947D88D} = {B5A84DCE-C0C0-42CC-BE85-8A37EE0B4B2D}
		{93EF7F57-B180-4329-9147-7FB4C9C7ABC0} = {CBA43469-9296-4C75-A0BE-16FB9C77E11A}
		{4E4FE050-8377-40D7-8FDE-DD9D8D38A443} = {CBA43469-9296-4C75-A0BE-16FB9C77E11A}
		{943615FE-35EE-4CD7-9F7F-8FFD4B6C986C} = {CBA43469-9296-4C75-A0BE-16FB9C77E11A}
	EndGlobalSection
EndGlobal
